// !$*UTF8*$!
{
	archiveVersion = 1;
	classes = {
	};
	objectVersion = 56;
	objects = {

/* Begin PBXBuildFile section */
		DC29FBC02C63E88F00917125 /* budget_trackerApp.swift in Sources */ = {isa = PBXBuildFile; fileRef = DC29FBBF2C63E88F00917125 /* budget_trackerApp.swift */; };
		DC29FBC22C63E88F00917125 /* ContentView.swift in Sources */ = {isa = PBXBuildFile; fileRef = DC29FBC12C63E88F00917125 /* ContentView.swift */; };
		DC29FBC42C63E89000917125 /* Assets.xcassets in Resources */ = {isa = PBXBuildFile; fileRef = DC29FBC32C63E89000917125 /* Assets.xcassets */; };
		DC29FBC72C63E89000917125 /* Preview Assets.xcassets in Resources */ = {isa = PBXBuildFile; fileRef = DC29FBC62C63E89000917125 /* Preview Assets.xcassets */; };
		DC29FBD12C63E89100917125 /* budget_trackerTests.swift in Sources */ = {isa = PBXBuildFile; fileRef = DC29FBD02C63E89100917125 /* budget_trackerTests.swift */; };
		DC29FBDB2C63E89100917125 /* budget_trackerUITests.swift in Sources */ = {isa = PBXBuildFile; fileRef = DC29FBDA2C63E89100917125 /* budget_trackerUITests.swift */; };
		DC29FBDD2C63E89100917125 /* budget_trackerUITestsLaunchTests.swift in Sources */ = {isa = PBXBuildFile; fileRef = DC29FBDC2C63E89100917125 /* budget_trackerUITestsLaunchTests.swift */; };
		DC29FBEE2C66057A00917125 /* IntroScreen.swift in Sources */ = {isa = PBXBuildFile; fileRef = DC29FBED2C66057A00917125 /* IntroScreen.swift */; };
		DC29FBF12C66065100917125 /* Constants.swift in Sources */ = {isa = PBXBuildFile; fileRef = DC29FBF02C66065100917125 /* Constants.swift */; };
		DC29FBF32C660DED00917125 /* Tab.swift in Sources */ = {isa = PBXBuildFile; fileRef = DC29FBF22C660DED00917125 /* Tab.swift */; };
		DC29FBF52C6642E300917125 /* Category.swift in Sources */ = {isa = PBXBuildFile; fileRef = DC29FBF42C6642E300917125 /* Category.swift */; };
		DC29FBF72C66432000917125 /* Transaction.swift in Sources */ = {isa = PBXBuildFile; fileRef = DC29FBF62C66432000917125 /* Transaction.swift */; };
		DC29FBF92C6645B200917125 /* TintColor.swift in Sources */ = {isa = PBXBuildFile; fileRef = DC29FBF82C6645B200917125 /* TintColor.swift */; };
		DC29FBFD2C66472000917125 /* Recents.swift in Sources */ = {isa = PBXBuildFile; fileRef = DC29FBFC2C66472000917125 /* Recents.swift */; };
		DC29FBFF2C66473B00917125 /* Search.swift in Sources */ = {isa = PBXBuildFile; fileRef = DC29FBFE2C66473B00917125 /* Search.swift */; };
		DC29FC032C66475400917125 /* Settings.swift in Sources */ = {isa = PBXBuildFile; fileRef = DC29FC022C66475400917125 /* Settings.swift */; };
		DC29FC052C6647B000917125 /* Graphs.swift in Sources */ = {isa = PBXBuildFile; fileRef = DC29FC042C6647B000917125 /* Graphs.swift */; };
		DC29FC072C664BE500917125 /* View+Extensions.swift in Sources */ = {isa = PBXBuildFile; fileRef = DC29FC062C664BE500917125 /* View+Extensions.swift */; };
		DC29FC092C66C39A00917125 /* Date+Extensions.swift in Sources */ = {isa = PBXBuildFile; fileRef = DC29FC082C66C39A00917125 /* Date+Extensions.swift */; };
		DC29FC0C2C66CAE900917125 /* CardView.swift in Sources */ = {isa = PBXBuildFile; fileRef = DC29FC0B2C66CAE900917125 /* CardView.swift */; };
		DC29FC0F2C66D84400917125 /* RecentsHeader.swift in Sources */ = {isa = PBXBuildFile; fileRef = DC29FC0E2C66D84400917125 /* RecentsHeader.swift */; };
		DC29FC112C66EC8900917125 /* TransactionCardView.swift in Sources */ = {isa = PBXBuildFile; fileRef = DC29FC102C66EC8900917125 /* TransactionCardView.swift */; };
		DC29FC132C66F14000917125 /* DateFilterView.swift in Sources */ = {isa = PBXBuildFile; fileRef = DC29FC122C66F14000917125 /* DateFilterView.swift */; };
/* End PBXBuildFile section */

/* Begin PBXContainerItemProxy section */
		DC29FBCD2C63E89100917125 /* PBXContainerItemProxy */ = {
			isa = PBXContainerItemProxy;
			containerPortal = DC29FBB42C63E88E00917125 /* Project object */;
			proxyType = 1;
			remoteGlobalIDString = DC29FBBB2C63E88F00917125;
			remoteInfo = "budget-tracker";
		};
		DC29FBD72C63E89100917125 /* PBXContainerItemProxy */ = {
			isa = PBXContainerItemProxy;
			containerPortal = DC29FBB42C63E88E00917125 /* Project object */;
			proxyType = 1;
			remoteGlobalIDString = DC29FBBB2C63E88F00917125;
			remoteInfo = "budget-tracker";
		};
/* End PBXContainerItemProxy section */

/* Begin PBXFileReference section */
		DC29FBBC2C63E88F00917125 /* budget-tracker.app */ = {isa = PBXFileReference; explicitFileType = wrapper.application; includeInIndex = 0; path = "budget-tracker.app"; sourceTree = BUILT_PRODUCTS_DIR; };
		DC29FBBF2C63E88F00917125 /* budget_trackerApp.swift */ = {isa = PBXFileReference; lastKnownFileType = sourcecode.swift; path = budget_trackerApp.swift; sourceTree = "<group>"; };
		DC29FBC12C63E88F00917125 /* ContentView.swift */ = {isa = PBXFileReference; lastKnownFileType = sourcecode.swift; path = ContentView.swift; sourceTree = "<group>"; };
		DC29FBC32C63E89000917125 /* Assets.xcassets */ = {isa = PBXFileReference; lastKnownFileType = folder.assetcatalog; path = Assets.xcassets; sourceTree = "<group>"; };
		DC29FBC62C63E89000917125 /* Preview Assets.xcassets */ = {isa = PBXFileReference; lastKnownFileType = folder.assetcatalog; path = "Preview Assets.xcassets"; sourceTree = "<group>"; };
		DC29FBCC2C63E89100917125 /* budget-trackerTests.xctest */ = {isa = PBXFileReference; explicitFileType = wrapper.cfbundle; includeInIndex = 0; path = "budget-trackerTests.xctest"; sourceTree = BUILT_PRODUCTS_DIR; };
		DC29FBD02C63E89100917125 /* budget_trackerTests.swift */ = {isa = PBXFileReference; lastKnownFileType = sourcecode.swift; path = budget_trackerTests.swift; sourceTree = "<group>"; };
		DC29FBD62C63E89100917125 /* budget-trackerUITests.xctest */ = {isa = PBXFileReference; explicitFileType = wrapper.cfbundle; includeInIndex = 0; path = "budget-trackerUITests.xctest"; sourceTree = BUILT_PRODUCTS_DIR; };
		DC29FBDA2C63E89100917125 /* budget_trackerUITests.swift */ = {isa = PBXFileReference; lastKnownFileType = sourcecode.swift; path = budget_trackerUITests.swift; sourceTree = "<group>"; };
		DC29FBDC2C63E89100917125 /* budget_trackerUITestsLaunchTests.swift */ = {isa = PBXFileReference; lastKnownFileType = sourcecode.swift; path = budget_trackerUITestsLaunchTests.swift; sourceTree = "<group>"; };
		DC29FBED2C66057A00917125 /* IntroScreen.swift */ = {isa = PBXFileReference; lastKnownFileType = sourcecode.swift; path = IntroScreen.swift; sourceTree = "<group>"; };
		DC29FBF02C66065100917125 /* Constants.swift */ = {isa = PBXFileReference; lastKnownFileType = sourcecode.swift; path = Constants.swift; sourceTree = "<group>"; };
		DC29FBF22C660DED00917125 /* Tab.swift */ = {isa = PBXFileReference; lastKnownFileType = sourcecode.swift; path = Tab.swift; sourceTree = "<group>"; };
		DC29FBF42C6642E300917125 /* Category.swift */ = {isa = PBXFileReference; lastKnownFileType = sourcecode.swift; path = Category.swift; sourceTree = "<group>"; };
		DC29FBF62C66432000917125 /* Transaction.swift */ = {isa = PBXFileReference; lastKnownFileType = sourcecode.swift; path = Transaction.swift; sourceTree = "<group>"; };
		DC29FBF82C6645B200917125 /* TintColor.swift */ = {isa = PBXFileReference; lastKnownFileType = sourcecode.swift; path = TintColor.swift; sourceTree = "<group>"; };
		DC29FBFC2C66472000917125 /* Recents.swift */ = {isa = PBXFileReference; lastKnownFileType = sourcecode.swift; path = Recents.swift; sourceTree = "<group>"; };
		DC29FBFE2C66473B00917125 /* Search.swift */ = {isa = PBXFileReference; lastKnownFileType = sourcecode.swift; path = Search.swift; sourceTree = "<group>"; };
		DC29FC022C66475400917125 /* Settings.swift */ = {isa = PBXFileReference; lastKnownFileType = sourcecode.swift; path = Settings.swift; sourceTree = "<group>"; };
		DC29FC042C6647B000917125 /* Graphs.swift */ = {isa = PBXFileReference; lastKnownFileType = sourcecode.swift; path = Graphs.swift; sourceTree = "<group>"; };
		DC29FC062C664BE500917125 /* View+Extensions.swift */ = {isa = PBXFileReference; lastKnownFileType = sourcecode.swift; path = "View+Extensions.swift"; sourceTree = "<group>"; };
		DC29FC082C66C39A00917125 /* Date+Extensions.swift */ = {isa = PBXFileReference; lastKnownFileType = sourcecode.swift; path = "Date+Extensions.swift"; sourceTree = "<group>"; };
		DC29FC0B2C66CAE900917125 /* CardView.swift */ = {isa = PBXFileReference; lastKnownFileType = sourcecode.swift; path = CardView.swift; sourceTree = "<group>"; };
		DC29FC0E2C66D84400917125 /* RecentsHeader.swift */ = {isa = PBXFileReference; lastKnownFileType = sourcecode.swift; path = RecentsHeader.swift; sourceTree = "<group>"; };
		DC29FC102C66EC8900917125 /* TransactionCardView.swift */ = {isa = PBXFileReference; lastKnownFileType = sourcecode.swift; path = TransactionCardView.swift; sourceTree = "<group>"; };
		DC29FC122C66F14000917125 /* DateFilterView.swift */ = {isa = PBXFileReference; lastKnownFileType = sourcecode.swift; path = DateFilterView.swift; sourceTree = "<group>"; };
/* End PBXFileReference section */

/* Begin PBXFrameworksBuildPhase section */
		DC29FBB92C63E88F00917125 /* Frameworks */ = {
			isa = PBXFrameworksBuildPhase;
			buildActionMask = 2147483647;
			files = (
			);
			runOnlyForDeploymentPostprocessing = 0;
		};
		DC29FBC92C63E89100917125 /* Frameworks */ = {
			isa = PBXFrameworksBuildPhase;
			buildActionMask = 2147483647;
			files = (
			);
			runOnlyForDeploymentPostprocessing = 0;
		};
		DC29FBD32C63E89100917125 /* Frameworks */ = {
			isa = PBXFrameworksBuildPhase;
			buildActionMask = 2147483647;
			files = (
			);
			runOnlyForDeploymentPostprocessing = 0;
		};
/* End PBXFrameworksBuildPhase section */

/* Begin PBXGroup section */
		DC29FBB32C63E88E00917125 = {
			isa = PBXGroup;
			children = (
				DC29FBBE2C63E88F00917125 /* budget-tracker */,
				DC29FBCF2C63E89100917125 /* budget-trackerTests */,
				DC29FBD92C63E89100917125 /* budget-trackerUITests */,
				DC29FBBD2C63E88F00917125 /* Products */,
			);
			sourceTree = "<group>";
		};
		DC29FBBD2C63E88F00917125 /* Products */ = {
			isa = PBXGroup;
			children = (
				DC29FBBC2C63E88F00917125 /* budget-tracker.app */,
				DC29FBCC2C63E89100917125 /* budget-trackerTests.xctest */,
				DC29FBD62C63E89100917125 /* budget-trackerUITests.xctest */,
			);
			name = Products;
			sourceTree = "<group>";
		};
		DC29FBBE2C63E88F00917125 /* budget-tracker */ = {
			isa = PBXGroup;
			children = (
				DC29FBEF2C66062F00917125 /* Helpers */,
				DC29FBEC2C66055C00917125 /* Model */,
				DC29FBE92C63EBA800917125 /* View */,
				DC29FBBF2C63E88F00917125 /* budget_trackerApp.swift */,
				DC29FBC12C63E88F00917125 /* ContentView.swift */,
				DC29FBC32C63E89000917125 /* Assets.xcassets */,
				DC29FBC52C63E89000917125 /* Preview Content */,
			);
			path = "budget-tracker";
			sourceTree = "<group>";
		};
		DC29FBC52C63E89000917125 /* Preview Content */ = {
			isa = PBXGroup;
			children = (
				DC29FBC62C63E89000917125 /* Preview Assets.xcassets */,
			);
			path = "Preview Content";
			sourceTree = "<group>";
		};
		DC29FBCF2C63E89100917125 /* budget-trackerTests */ = {
			isa = PBXGroup;
			children = (
				DC29FBD02C63E89100917125 /* budget_trackerTests.swift */,
			);
			path = "budget-trackerTests";
			sourceTree = "<group>";
		};
		DC29FBD92C63E89100917125 /* budget-trackerUITests */ = {
			isa = PBXGroup;
			children = (
				DC29FBDA2C63E89100917125 /* budget_trackerUITests.swift */,
				DC29FBDC2C63E89100917125 /* budget_trackerUITestsLaunchTests.swift */,
			);
			path = "budget-trackerUITests";
			sourceTree = "<group>";
		};
		DC29FBE92C63EBA800917125 /* View */ = {
			isa = PBXGroup;
			children = (
				DC29FC0A2C66CAD700917125 /* Helpers */,
				DC29FBFB2C66471200917125 /* TabViews */,
				DC29FBED2C66057A00917125 /* IntroScreen.swift */,
			);
			path = View;
			sourceTree = "<group>";
		};
		DC29FBEC2C66055C00917125 /* Model */ = {
			isa = PBXGroup;
			children = (
				DC29FBF22C660DED00917125 /* Tab.swift */,
				DC29FBF42C6642E300917125 /* Category.swift */,
				DC29FBF62C66432000917125 /* Transaction.swift */,
				DC29FBF82C6645B200917125 /* TintColor.swift */,
			);
			path = Model;
			sourceTree = "<group>";
		};
		DC29FBEF2C66062F00917125 /* Helpers */ = {
			isa = PBXGroup;
			children = (
				DC29FBF02C66065100917125 /* Constants.swift */,
				DC29FC062C664BE500917125 /* View+Extensions.swift */,
				DC29FC082C66C39A00917125 /* Date+Extensions.swift */,
			);
			path = Helpers;
			sourceTree = "<group>";
		};
		DC29FBFB2C66471200917125 /* TabViews */ = {
			isa = PBXGroup;
			children = (
				DC29FC0D2C66D7DB00917125 /* Recents */,
				DC29FBFE2C66473B00917125 /* Search.swift */,
				DC29FC022C66475400917125 /* Settings.swift */,
				DC29FC042C6647B000917125 /* Graphs.swift */,
			);
			path = TabViews;
			sourceTree = "<group>";
		};
		DC29FC0A2C66CAD700917125 /* Helpers */ = {
			isa = PBXGroup;
			children = (
				DC29FC0B2C66CAE900917125 /* CardView.swift */,
				DC29FC102C66EC8900917125 /* TransactionCardView.swift */,
				DC29FC122C66F14000917125 /* DateFilterView.swift */,
			);
			path = Helpers;
			sourceTree = "<group>";
		};
		DC29FC0D2C66D7DB00917125 /* Recents */ = {
			isa = PBXGroup;
			children = (
				DC29FBFC2C66472000917125 /* Recents.swift */,
				DC29FC0E2C66D84400917125 /* RecentsHeader.swift */,
			);
			path = Recents;
			sourceTree = "<group>";
		};
/* End PBXGroup section */

/* Begin PBXNativeTarget section */
		DC29FBBB2C63E88F00917125 /* budget-tracker */ = {
			isa = PBXNativeTarget;
			buildConfigurationList = DC29FBE02C63E89100917125 /* Build configuration list for PBXNativeTarget "budget-tracker" */;
			buildPhases = (
				DC29FBB82C63E88F00917125 /* Sources */,
				DC29FBB92C63E88F00917125 /* Frameworks */,
				DC29FBBA2C63E88F00917125 /* Resources */,
			);
			buildRules = (
			);
			dependencies = (
			);
			name = "budget-tracker";
			productName = "budget-tracker";
			productReference = DC29FBBC2C63E88F00917125 /* budget-tracker.app */;
			productType = "com.apple.product-type.application";
		};
		DC29FBCB2C63E89100917125 /* budget-trackerTests */ = {
			isa = PBXNativeTarget;
			buildConfigurationList = DC29FBE32C63E89100917125 /* Build configuration list for PBXNativeTarget "budget-trackerTests" */;
			buildPhases = (
				DC29FBC82C63E89100917125 /* Sources */,
				DC29FBC92C63E89100917125 /* Frameworks */,
				DC29FBCA2C63E89100917125 /* Resources */,
			);
			buildRules = (
			);
			dependencies = (
				DC29FBCE2C63E89100917125 /* PBXTargetDependency */,
			);
			name = "budget-trackerTests";
			productName = "budget-trackerTests";
			productReference = DC29FBCC2C63E89100917125 /* budget-trackerTests.xctest */;
			productType = "com.apple.product-type.bundle.unit-test";
		};
		DC29FBD52C63E89100917125 /* budget-trackerUITests */ = {
			isa = PBXNativeTarget;
			buildConfigurationList = DC29FBE62C63E89100917125 /* Build configuration list for PBXNativeTarget "budget-trackerUITests" */;
			buildPhases = (
				DC29FBD22C63E89100917125 /* Sources */,
				DC29FBD32C63E89100917125 /* Frameworks */,
				DC29FBD42C63E89100917125 /* Resources */,
			);
			buildRules = (
			);
			dependencies = (
				DC29FBD82C63E89100917125 /* PBXTargetDependency */,
			);
			name = "budget-trackerUITests";
			productName = "budget-trackerUITests";
			productReference = DC29FBD62C63E89100917125 /* budget-trackerUITests.xctest */;
			productType = "com.apple.product-type.bundle.ui-testing";
		};
/* End PBXNativeTarget section */

/* Begin PBXProject section */
		DC29FBB42C63E88E00917125 /* Project object */ = {
			isa = PBXProject;
			attributes = {
				BuildIndependentTargetsInParallel = 1;
				LastSwiftUpdateCheck = 1540;
				LastUpgradeCheck = 1540;
				TargetAttributes = {
					DC29FBBB2C63E88F00917125 = {
						CreatedOnToolsVersion = 15.4;
					};
					DC29FBCB2C63E89100917125 = {
						CreatedOnToolsVersion = 15.4;
						TestTargetID = DC29FBBB2C63E88F00917125;
					};
					DC29FBD52C63E89100917125 = {
						CreatedOnToolsVersion = 15.4;
						TestTargetID = DC29FBBB2C63E88F00917125;
					};
				};
			};
			buildConfigurationList = DC29FBB72C63E88E00917125 /* Build configuration list for PBXProject "budget-tracker" */;
			compatibilityVersion = "Xcode 14.0";
			developmentRegion = en;
			hasScannedForEncodings = 0;
			knownRegions = (
				en,
				Base,
			);
			mainGroup = DC29FBB32C63E88E00917125;
			productRefGroup = DC29FBBD2C63E88F00917125 /* Products */;
			projectDirPath = "";
			projectRoot = "";
			targets = (
				DC29FBBB2C63E88F00917125 /* budget-tracker */,
				DC29FBCB2C63E89100917125 /* budget-trackerTests */,
				DC29FBD52C63E89100917125 /* budget-trackerUITests */,
			);
		};
/* End PBXProject section */

/* Begin PBXResourcesBuildPhase section */
		DC29FBBA2C63E88F00917125 /* Resources */ = {
			isa = PBXResourcesBuildPhase;
			buildActionMask = 2147483647;
			files = (
				DC29FBC72C63E89000917125 /* Preview Assets.xcassets in Resources */,
				DC29FBC42C63E89000917125 /* Assets.xcassets in Resources */,
			);
			runOnlyForDeploymentPostprocessing = 0;
		};
		DC29FBCA2C63E89100917125 /* Resources */ = {
			isa = PBXResourcesBuildPhase;
			buildActionMask = 2147483647;
			files = (
			);
			runOnlyForDeploymentPostprocessing = 0;
		};
		DC29FBD42C63E89100917125 /* Resources */ = {
			isa = PBXResourcesBuildPhase;
			buildActionMask = 2147483647;
			files = (
			);
			runOnlyForDeploymentPostprocessing = 0;
		};
/* End PBXResourcesBuildPhase section */

/* Begin PBXSourcesBuildPhase section */
		DC29FBB82C63E88F00917125 /* Sources */ = {
			isa = PBXSourcesBuildPhase;
			buildActionMask = 2147483647;
			files = (
				DC29FC052C6647B000917125 /* Graphs.swift in Sources */,
				DC29FBF92C6645B200917125 /* TintColor.swift in Sources */,
				DC29FC132C66F14000917125 /* DateFilterView.swift in Sources */,
				DC29FBFD2C66472000917125 /* Recents.swift in Sources */,
				DC29FBF72C66432000917125 /* Transaction.swift in Sources */,
				DC29FC0C2C66CAE900917125 /* CardView.swift in Sources */,
				DC29FBC22C63E88F00917125 /* ContentView.swift in Sources */,
				DC29FC112C66EC8900917125 /* TransactionCardView.swift in Sources */,
				DC29FBEE2C66057A00917125 /* IntroScreen.swift in Sources */,
				DC29FBF32C660DED00917125 /* Tab.swift in Sources */,
				DC29FC032C66475400917125 /* Settings.swift in Sources */,
				DC29FBC02C63E88F00917125 /* budget_trackerApp.swift in Sources */,
				DC29FC092C66C39A00917125 /* Date+Extensions.swift in Sources */,
				DC29FC0F2C66D84400917125 /* RecentsHeader.swift in Sources */,
				DC29FC072C664BE500917125 /* View+Extensions.swift in Sources */,
				DC29FBFF2C66473B00917125 /* Search.swift in Sources */,
				DC29FBF12C66065100917125 /* Constants.swift in Sources */,
				DC29FBF52C6642E300917125 /* Category.swift in Sources */,
			);
			runOnlyForDeploymentPostprocessing = 0;
		};
		DC29FBC82C63E89100917125 /* Sources */ = {
			isa = PBXSourcesBuildPhase;
			buildActionMask = 2147483647;
			files = (
				DC29FBD12C63E89100917125 /* budget_trackerTests.swift in Sources */,
			);
			runOnlyForDeploymentPostprocessing = 0;
		};
		DC29FBD22C63E89100917125 /* Sources */ = {
			isa = PBXSourcesBuildPhase;
			buildActionMask = 2147483647;
			files = (
				DC29FBDD2C63E89100917125 /* budget_trackerUITestsLaunchTests.swift in Sources */,
				DC29FBDB2C63E89100917125 /* budget_trackerUITests.swift in Sources */,
			);
			runOnlyForDeploymentPostprocessing = 0;
		};
/* End PBXSourcesBuildPhase section */

/* Begin PBXTargetDependency section */
		DC29FBCE2C63E89100917125 /* PBXTargetDependency */ = {
			isa = PBXTargetDependency;
			target = DC29FBBB2C63E88F00917125 /* budget-tracker */;
			targetProxy = DC29FBCD2C63E89100917125 /* PBXContainerItemProxy */;
		};
		DC29FBD82C63E89100917125 /* PBXTargetDependency */ = {
			isa = PBXTargetDependency;
			target = DC29FBBB2C63E88F00917125 /* budget-tracker */;
			targetProxy = DC29FBD72C63E89100917125 /* PBXContainerItemProxy */;
		};
/* End PBXTargetDependency section */

/* Begin XCBuildConfiguration section */
		DC29FBDE2C63E89100917125 /* Debug */ = {
			isa = XCBuildConfiguration;
			buildSettings = {
				ALWAYS_SEARCH_USER_PATHS = NO;
				ASSETCATALOG_COMPILER_GENERATE_SWIFT_ASSET_SYMBOL_EXTENSIONS = YES;
				CLANG_ANALYZER_NONNULL = YES;
				CLANG_ANALYZER_NUMBER_OBJECT_CONVERSION = YES_AGGRESSIVE;
				CLANG_CXX_LANGUAGE_STANDARD = "gnu++20";
				CLANG_ENABLE_MODULES = YES;
				CLANG_ENABLE_OBJC_ARC = YES;
				CLANG_ENABLE_OBJC_WEAK = YES;
				CLANG_WARN_BLOCK_CAPTURE_AUTORELEASING = YES;
				CLANG_WARN_BOOL_CONVERSION = YES;
				CLANG_WARN_COMMA = YES;
				CLANG_WARN_CONSTANT_CONVERSION = YES;
				CLANG_WARN_DEPRECATED_OBJC_IMPLEMENTATIONS = YES;
				CLANG_WARN_DIRECT_OBJC_ISA_USAGE = YES_ERROR;
				CLANG_WARN_DOCUMENTATION_COMMENTS = YES;
				CLANG_WARN_EMPTY_BODY = YES;
				CLANG_WARN_ENUM_CONVERSION = YES;
				CLANG_WARN_INFINITE_RECURSION = YES;
				CLANG_WARN_INT_CONVERSION = YES;
				CLANG_WARN_NON_LITERAL_NULL_CONVERSION = YES;
				CLANG_WARN_OBJC_IMPLICIT_RETAIN_SELF = YES;
				CLANG_WARN_OBJC_LITERAL_CONVERSION = YES;
				CLANG_WARN_OBJC_ROOT_CLASS = YES_ERROR;
				CLANG_WARN_QUOTED_INCLUDE_IN_FRAMEWORK_HEADER = YES;
				CLANG_WARN_RANGE_LOOP_ANALYSIS = YES;
				CLANG_WARN_STRICT_PROTOTYPES = YES;
				CLANG_WARN_SUSPICIOUS_MOVE = YES;
				CLANG_WARN_UNGUARDED_AVAILABILITY = YES_AGGRESSIVE;
				CLANG_WARN_UNREACHABLE_CODE = YES;
				CLANG_WARN__DUPLICATE_METHOD_MATCH = YES;
				COPY_PHASE_STRIP = NO;
				DEBUG_INFORMATION_FORMAT = dwarf;
				ENABLE_STRICT_OBJC_MSGSEND = YES;
				ENABLE_TESTABILITY = YES;
				ENABLE_USER_SCRIPT_SANDBOXING = YES;
				GCC_C_LANGUAGE_STANDARD = gnu17;
				GCC_DYNAMIC_NO_PIC = NO;
				GCC_NO_COMMON_BLOCKS = YES;
				GCC_OPTIMIZATION_LEVEL = 0;
				GCC_PREPROCESSOR_DEFINITIONS = (
					"DEBUG=1",
					"$(inherited)",
				);
				GCC_WARN_64_TO_32_BIT_CONVERSION = YES;
				GCC_WARN_ABOUT_RETURN_TYPE = YES_ERROR;
				GCC_WARN_UNDECLARED_SELECTOR = YES;
				GCC_WARN_UNINITIALIZED_AUTOS = YES_AGGRESSIVE;
				GCC_WARN_UNUSED_FUNCTION = YES;
				GCC_WARN_UNUSED_VARIABLE = YES;
				IPHONEOS_DEPLOYMENT_TARGET = 17.5;
				LOCALIZATION_PREFERS_STRING_CATALOGS = YES;
				MTL_ENABLE_DEBUG_INFO = INCLUDE_SOURCE;
				MTL_FAST_MATH = YES;
				ONLY_ACTIVE_ARCH = YES;
				SDKROOT = iphoneos;
				SWIFT_ACTIVE_COMPILATION_CONDITIONS = "DEBUG $(inherited)";
				SWIFT_OPTIMIZATION_LEVEL = "-Onone";
			};
			name = Debug;
		};
		DC29FBDF2C63E89100917125 /* Release */ = {
			isa = XCBuildConfiguration;
			buildSettings = {
				ALWAYS_SEARCH_USER_PATHS = NO;
				ASSETCATALOG_COMPILER_GENERATE_SWIFT_ASSET_SYMBOL_EXTENSIONS = YES;
				CLANG_ANALYZER_NONNULL = YES;
				CLANG_ANALYZER_NUMBER_OBJECT_CONVERSION = YES_AGGRESSIVE;
				CLANG_CXX_LANGUAGE_STANDARD = "gnu++20";
				CLANG_ENABLE_MODULES = YES;
				CLANG_ENABLE_OBJC_ARC = YES;
				CLANG_ENABLE_OBJC_WEAK = YES;
				CLANG_WARN_BLOCK_CAPTURE_AUTORELEASING = YES;
				CLANG_WARN_BOOL_CONVERSION = YES;
				CLANG_WARN_COMMA = YES;
				CLANG_WARN_CONSTANT_CONVERSION = YES;
				CLANG_WARN_DEPRECATED_OBJC_IMPLEMENTATIONS = YES;
				CLANG_WARN_DIRECT_OBJC_ISA_USAGE = YES_ERROR;
				CLANG_WARN_DOCUMENTATION_COMMENTS = YES;
				CLANG_WARN_EMPTY_BODY = YES;
				CLANG_WARN_ENUM_CONVERSION = YES;
				CLANG_WARN_INFINITE_RECURSION = YES;
				CLANG_WARN_INT_CONVERSION = YES;
				CLANG_WARN_NON_LITERAL_NULL_CONVERSION = YES;
				CLANG_WARN_OBJC_IMPLICIT_RETAIN_SELF = YES;
				CLANG_WARN_OBJC_LITERAL_CONVERSION = YES;
				CLANG_WARN_OBJC_ROOT_CLASS = YES_ERROR;
				CLANG_WARN_QUOTED_INCLUDE_IN_FRAMEWORK_HEADER = YES;
				CLANG_WARN_RANGE_LOOP_ANALYSIS = YES;
				CLANG_WARN_STRICT_PROTOTYPES = YES;
				CLANG_WARN_SUSPICIOUS_MOVE = YES;
				CLANG_WARN_UNGUARDED_AVAILABILITY = YES_AGGRESSIVE;
				CLANG_WARN_UNREACHABLE_CODE = YES;
				CLANG_WARN__DUPLICATE_METHOD_MATCH = YES;
				COPY_PHASE_STRIP = NO;
				DEBUG_INFORMATION_FORMAT = "dwarf-with-dsym";
				ENABLE_NS_ASSERTIONS = NO;
				ENABLE_STRICT_OBJC_MSGSEND = YES;
				ENABLE_USER_SCRIPT_SANDBOXING = YES;
				GCC_C_LANGUAGE_STANDARD = gnu17;
				GCC_NO_COMMON_BLOCKS = YES;
				GCC_WARN_64_TO_32_BIT_CONVERSION = YES;
				GCC_WARN_ABOUT_RETURN_TYPE = YES_ERROR;
				GCC_WARN_UNDECLARED_SELECTOR = YES;
				GCC_WARN_UNINITIALIZED_AUTOS = YES_AGGRESSIVE;
				GCC_WARN_UNUSED_FUNCTION = YES;
				GCC_WARN_UNUSED_VARIABLE = YES;
				IPHONEOS_DEPLOYMENT_TARGET = 17.5;
				LOCALIZATION_PREFERS_STRING_CATALOGS = YES;
				MTL_ENABLE_DEBUG_INFO = NO;
				MTL_FAST_MATH = YES;
				SDKROOT = iphoneos;
				SWIFT_COMPILATION_MODE = wholemodule;
				VALIDATE_PRODUCT = YES;
			};
			name = Release;
		};
		DC29FBE12C63E89100917125 /* Debug */ = {
			isa = XCBuildConfiguration;
			buildSettings = {
				ASSETCATALOG_COMPILER_APPICON_NAME = AppIcon;
				ASSETCATALOG_COMPILER_GLOBAL_ACCENT_COLOR_NAME = AccentColor;
				CODE_SIGN_STYLE = Automatic;
				CURRENT_PROJECT_VERSION = 1;
				DEVELOPMENT_ASSET_PATHS = "\"budget-tracker/Preview Content\"";
				ENABLE_PREVIEWS = YES;
				GENERATE_INFOPLIST_FILE = YES;
				INFOPLIST_KEY_UIApplicationSceneManifest_Generation = YES;
				INFOPLIST_KEY_UIApplicationSupportsIndirectInputEvents = YES;
				INFOPLIST_KEY_UILaunchScreen_Generation = YES;
				INFOPLIST_KEY_UISupportedInterfaceOrientations_iPad = "UIInterfaceOrientationPortrait UIInterfaceOrientationPortraitUpsideDown UIInterfaceOrientationLandscapeLeft UIInterfaceOrientationLandscapeRight";
				INFOPLIST_KEY_UISupportedInterfaceOrientations_iPhone = "UIInterfaceOrientationPortrait UIInterfaceOrientationLandscapeLeft UIInterfaceOrientationLandscapeRight";
				LD_RUNPATH_SEARCH_PATHS = (
					"$(inherited)",
					"@executable_path/Frameworks",
				);
				MARKETING_VERSION = 1.0;
				PRODUCT_BUNDLE_IDENTIFIER = "ssxdtxr.budget-tracker";
				PRODUCT_NAME = "$(TARGET_NAME)";
				SWIFT_EMIT_LOC_STRINGS = YES;
				SWIFT_VERSION = 5.0;
				TARGETED_DEVICE_FAMILY = "1,2";
			};
			name = Debug;
		};
		DC29FBE22C63E89100917125 /* Release */ = {
			isa = XCBuildConfiguration;
			buildSettings = {
				ASSETCATALOG_COMPILER_APPICON_NAME = AppIcon;
				ASSETCATALOG_COMPILER_GLOBAL_ACCENT_COLOR_NAME = AccentColor;
				CODE_SIGN_STYLE = Automatic;
				CURRENT_PROJECT_VERSION = 1;
				DEVELOPMENT_ASSET_PATHS = "\"budget-tracker/Preview Content\"";
				ENABLE_PREVIEWS = YES;
				GENERATE_INFOPLIST_FILE = YES;
				INFOPLIST_KEY_UIApplicationSceneManifest_Generation = YES;
				INFOPLIST_KEY_UIApplicationSupportsIndirectInputEvents = YES;
				INFOPLIST_KEY_UILaunchScreen_Generation = YES;
				INFOPLIST_KEY_UISupportedInterfaceOrientations_iPad = "UIInterfaceOrientationPortrait UIInterfaceOrientationPortraitUpsideDown UIInterfaceOrientationLandscapeLeft UIInterfaceOrientationLandscapeRight";
				INFOPLIST_KEY_UISupportedInterfaceOrientations_iPhone = "UIInterfaceOrientationPortrait UIInterfaceOrientationLandscapeLeft UIInterfaceOrientationLandscapeRight";
				LD_RUNPATH_SEARCH_PATHS = (
					"$(inherited)",
					"@executable_path/Frameworks",
				);
				MARKETING_VERSION = 1.0;
				PRODUCT_BUNDLE_IDENTIFIER = "ssxdtxr.budget-tracker";
				PRODUCT_NAME = "$(TARGET_NAME)";
				SWIFT_EMIT_LOC_STRINGS = YES;
				SWIFT_VERSION = 5.0;
				TARGETED_DEVICE_FAMILY = "1,2";
			};
			name = Release;
		};
		DC29FBE42C63E89100917125 /* Debug */ = {
			isa = XCBuildConfiguration;
			buildSettings = {
				ALWAYS_EMBED_SWIFT_STANDARD_LIBRARIES = YES;
				BUNDLE_LOADER = "$(TEST_HOST)";
				CODE_SIGN_STYLE = Automatic;
				CURRENT_PROJECT_VERSION = 1;
				GENERATE_INFOPLIST_FILE = YES;
				IPHONEOS_DEPLOYMENT_TARGET = 17.5;
				MARKETING_VERSION = 1.0;
				PRODUCT_BUNDLE_IDENTIFIER = "ssxdtxr.budget-trackerTests";
				PRODUCT_NAME = "$(TARGET_NAME)";
				SWIFT_EMIT_LOC_STRINGS = NO;
				SWIFT_VERSION = 5.0;
				TARGETED_DEVICE_FAMILY = "1,2";
				TEST_HOST = "$(BUILT_PRODUCTS_DIR)/budget-tracker.app/$(BUNDLE_EXECUTABLE_FOLDER_PATH)/budget-tracker";
			};
			name = Debug;
		};
		DC29FBE52C63E89100917125 /* Release */ = {
			isa = XCBuildConfiguration;
			buildSettings = {
				ALWAYS_EMBED_SWIFT_STANDARD_LIBRARIES = YES;
				BUNDLE_LOADER = "$(TEST_HOST)";
				CODE_SIGN_STYLE = Automatic;
				CURRENT_PROJECT_VERSION = 1;
				GENERATE_INFOPLIST_FILE = YES;
				IPHONEOS_DEPLOYMENT_TARGET = 17.5;
				MARKETING_VERSION = 1.0;
				PRODUCT_BUNDLE_IDENTIFIER = "ssxdtxr.budget-trackerTests";
				PRODUCT_NAME = "$(TARGET_NAME)";
				SWIFT_EMIT_LOC_STRINGS = NO;
				SWIFT_VERSION = 5.0;
				TARGETED_DEVICE_FAMILY = "1,2";
				TEST_HOST = "$(BUILT_PRODUCTS_DIR)/budget-tracker.app/$(BUNDLE_EXECUTABLE_FOLDER_PATH)/budget-tracker";
			};
			name = Release;
		};
		DC29FBE72C63E89100917125 /* Debug */ = {
			isa = XCBuildConfiguration;
			buildSettings = {
				ALWAYS_EMBED_SWIFT_STANDARD_LIBRARIES = YES;
				CODE_SIGN_STYLE = Automatic;
				CURRENT_PROJECT_VERSION = 1;
				GENERATE_INFOPLIST_FILE = YES;
				MARKETING_VERSION = 1.0;
				PRODUCT_BUNDLE_IDENTIFIER = "ssxdtxr.budget-trackerUITests";
				PRODUCT_NAME = "$(TARGET_NAME)";
				SWIFT_EMIT_LOC_STRINGS = NO;
				SWIFT_VERSION = 5.0;
				TARGETED_DEVICE_FAMILY = "1,2";
				TEST_TARGET_NAME = "budget-tracker";
			};
			name = Debug;
		};
		DC29FBE82C63E89100917125 /* Release */ = {
			isa = XCBuildConfiguration;
			buildSettings = {
				ALWAYS_EMBED_SWIFT_STANDARD_LIBRARIES = YES;
				CODE_SIGN_STYLE = Automatic;
				CURRENT_PROJECT_VERSION = 1;
				GENERATE_INFOPLIST_FILE = YES;
				MARKETING_VERSION = 1.0;
				PRODUCT_BUNDLE_IDENTIFIER = "ssxdtxr.budget-trackerUITests";
				PRODUCT_NAME = "$(TARGET_NAME)";
				SWIFT_EMIT_LOC_STRINGS = NO;
				SWIFT_VERSION = 5.0;
				TARGETED_DEVICE_FAMILY = "1,2";
				TEST_TARGET_NAME = "budget-tracker";
			};
			name = Release;
		};
/* End XCBuildConfiguration section */

/* Begin XCConfigurationList section */
		DC29FBB72C63E88E00917125 /* Build configuration list for PBXProject "budget-tracker" */ = {
			isa = XCConfigurationList;
			buildConfigurations = (
				DC29FBDE2C63E89100917125 /* Debug */,
				DC29FBDF2C63E89100917125 /* Release */,
			);
			defaultConfigurationIsVisible = 0;
			defaultConfigurationName = Release;
		};
		DC29FBE02C63E89100917125 /* Build configuration list for PBXNativeTarget "budget-tracker" */ = {
			isa = XCConfigurationList;
			buildConfigurations = (
				DC29FBE12C63E89100917125 /* Debug */,
				DC29FBE22C63E89100917125 /* Release */,
			);
			defaultConfigurationIsVisible = 0;
			defaultConfigurationName = Release;
		};
		DC29FBE32C63E89100917125 /* Build configuration list for PBXNativeTarget "budget-trackerTests" */ = {
			isa = XCConfigurationList;
			buildConfigurations = (
				DC29FBE42C63E89100917125 /* Debug */,
				DC29FBE52C63E89100917125 /* Release */,
			);
			defaultConfigurationIsVisible = 0;
			defaultConfigurationName = Release;
		};
		DC29FBE62C63E89100917125 /* Build configuration list for PBXNativeTarget "budget-trackerUITests" */ = {
			isa = XCConfigurationList;
			buildConfigurations = (
				DC29FBE72C63E89100917125 /* Debug */,
				DC29FBE82C63E89100917125 /* Release */,
			);
			defaultConfigurationIsVisible = 0;
			defaultConfigurationName = Release;
		};
/* End XCConfigurationList section */
	};
	rootObject = DC29FBB42C63E88E00917125 /* Project object */;
}
